{
  "requires": true,
  "lockfileVersion": 1,
  "dependencies": {
    "nutrition-label-jquery-plugin": {
      "version": "11.0.4",
      "resolved": "https://registry.npmjs.org/nutrition-label-jquery-plugin/-/nutrition-label-jquery-plugin-11.0.4.tgz",
      "integrity": "sha512-htQf8ykup1IpeLsz9+nABKVgM3zBX1Vil084KTA0naU7YGNkDmVN6ocrMpFXZZJmpZICNroM4oSM1Sh1SFqbyw=="
    }
  }
}
